
Microsoft Visual Studio Solution File, Format Version 11.00
# Visual Studio 2010
Project("{FAE04EC0-301F-11D3-BF4B-00C04F79EFBC}") = "Ex03", "Ex03\Ex03.csproj", "{8a66aa2b-5eba-4dea-9761-0e0fc1202146}"
EndProject
Global
	GlobalSection(SolutionConfigurationPlatforms) = preSolution
		Debug|Any CPU = Debug|Any CPU
		Release|Any CPU = Release|Any CPU
	EndGlobalSection
	GlobalSection(ProjectConfigurationPlatforms) = postSolution
		{8A66AA2B-5EBA-4DEA-9761-0E0FC1202146}.Debug|Any CPU.ActiveCfg = Debug|Any CPU
		{8A66AA2B-5EBA-4DEA-9761-0E0FC1202146}.Debug|Any CPU.Build.0 = Debug|Any CPU
		{8A66AA2B-5EBA-4DEA-9761-0E0FC1202146}.Release|Any CPU.ActiveCfg = Release|Any CPU
		{8A66AA2B-5EBA-4DEA-9761-0E0FC1202146}.Release|Any CPU.Build.0 = Release|Any CPU
	EndGlobalSection
EndGlobal
