
Microsoft Visual Studio Solution File, Format Version 12.00
# Visual Studio 2012
Project("{FAE04EC0-301F-11D3-BF4B-00C04F79EFBC}") = "Demo05-02-ICommand", "Demo05-02-ICommand\Demo05-02-ICommand.csproj", "{97C5C7D0-4179-4ED5-83EC-3F0662526160}"
EndProject
Project("{FAE04EC0-301F-11D3-BF4B-00C04F79EFBC}") = "Demo05-03-InputBindings", "Demo05-03-InputBindings\Demo05-03-InputBindings.csproj", "{D71F5887-6C13-4E26-8731-E96B040559D2}"
EndProject
Project("{FAE04EC0-301F-11D3-BF4B-00C04F79EFBC}") = "Demo05-04-ParameterTarget", "Demo05-04-ParameterTarget\Demo05-04-ParameterTarget.csproj", "{7A3E5F80-4E49-4E0B-898A-8FF41CE2A8A7}"
EndProject
Project("{FAE04EC0-301F-11D3-BF4B-00C04F79EFBC}") = "Demo05-01-CustomRoutingEvent", "Demo05-01-CustomRoutingEvent\Demo05-01-CustomRoutingEvent.csproj", "{379AF9B9-27EC-4156-8483-862933F9DE3F}"
EndProject
Global
	GlobalSection(SolutionConfigurationPlatforms) = preSolution
		Debug|Any CPU = Debug|Any CPU
		Release|Any CPU = Release|Any CPU
	EndGlobalSection
	GlobalSection(ProjectConfigurationPlatforms) = postSolution
		{97C5C7D0-4179-4ED5-83EC-3F0662526160}.Debug|Any CPU.ActiveCfg = Debug|Any CPU
		{97C5C7D0-4179-4ED5-83EC-3F0662526160}.Debug|Any CPU.Build.0 = Debug|Any CPU
		{97C5C7D0-4179-4ED5-83EC-3F0662526160}.Release|Any CPU.ActiveCfg = Release|Any CPU
		{97C5C7D0-4179-4ED5-83EC-3F0662526160}.Release|Any CPU.Build.0 = Release|Any CPU
		{D71F5887-6C13-4E26-8731-E96B040559D2}.Debug|Any CPU.ActiveCfg = Debug|Any CPU
		{D71F5887-6C13-4E26-8731-E96B040559D2}.Debug|Any CPU.Build.0 = Debug|Any CPU
		{D71F5887-6C13-4E26-8731-E96B040559D2}.Release|Any CPU.ActiveCfg = Release|Any CPU
		{D71F5887-6C13-4E26-8731-E96B040559D2}.Release|Any CPU.Build.0 = Release|Any CPU
		{7A3E5F80-4E49-4E0B-898A-8FF41CE2A8A7}.Debug|Any CPU.ActiveCfg = Debug|Any CPU
		{7A3E5F80-4E49-4E0B-898A-8FF41CE2A8A7}.Debug|Any CPU.Build.0 = Debug|Any CPU
		{7A3E5F80-4E49-4E0B-898A-8FF41CE2A8A7}.Release|Any CPU.ActiveCfg = Release|Any CPU
		{7A3E5F80-4E49-4E0B-898A-8FF41CE2A8A7}.Release|Any CPU.Build.0 = Release|Any CPU
		{379AF9B9-27EC-4156-8483-862933F9DE3F}.Debug|Any CPU.ActiveCfg = Debug|Any CPU
		{379AF9B9-27EC-4156-8483-862933F9DE3F}.Debug|Any CPU.Build.0 = Debug|Any CPU
		{379AF9B9-27EC-4156-8483-862933F9DE3F}.Release|Any CPU.ActiveCfg = Release|Any CPU
		{379AF9B9-27EC-4156-8483-862933F9DE3F}.Release|Any CPU.Build.0 = Release|Any CPU
	EndGlobalSection
	GlobalSection(SolutionProperties) = preSolution
		HideSolutionNode = FALSE
	EndGlobalSection
EndGlobal
