
Microsoft Visual Studio Solution File, Format Version 12.00
# Visual Studio 2012
Project("{FAE04EC0-301F-11D3-BF4B-00C04F79EFBC}") = "Demo01-01.AttributeSyntax", "Demo01-01.AttributeSyntax\Demo01-01.AttributeSyntax.csproj", "{F5E220AC-08C5-4DCA-9C3A-8C12B0DEBA01}"
EndProject
Project("{FAE04EC0-301F-11D3-BF4B-00C04F79EFBC}") = "Demo01-02.ElementSyntax", "Demo01-02.ElementSyntax\Demo01-02.ElementSyntax.csproj", "{06A70147-B850-4FA7-870D-CEFF83D1669A}"
EndProject
Project("{FAE04EC0-301F-11D3-BF4B-00C04F79EFBC}") = "Demo01-03.MarkupExtension", "Demo01-03.MarkupExtension\Demo01-03.MarkupExtension.csproj", "{F3F9710D-C547-4839-A79D-8F8BDD9DE487}"
EndProject
Project("{FAE04EC0-301F-11D3-BF4B-00C04F79EFBC}") = "Demo01-04.InheritValue", "Demo01-04.InheritValue\Demo01-04.InheritValue.csproj", "{DF1F8054-2344-4480-A68E-C659E9D70780}"
EndProject
Project("{FAE04EC0-301F-11D3-BF4B-00C04F79EFBC}") = "Demo01-05.RoutingEvent", "Demo01-05.RoutingEvent\Demo01-05.RoutingEvent.csproj", "{2F8BD0B3-D999-4222-A14F-CD9BC617FC3A}"
EndProject
Project("{FAE04EC0-301F-11D3-BF4B-00C04F79EFBC}") = "Demo01-10.DependencyPropertyDemo", "Demo01-10.DependencyProperty\Demo01-10.DependencyPropertyDemo.csproj", "{1EDF9709-317D-4AAE-9A5C-7CEA6ED80BC4}"
EndProject
Project("{FAE04EC0-301F-11D3-BF4B-00C04F79EFBC}") = "Demo01-11.AttachedProperty", "Demo01-11.AttachedProperty\Demo01-11.AttachedProperty.csproj", "{EC463D19-B34E-45ED-896E-C8E1B7FE15FD}"
EndProject
Global
	GlobalSection(SolutionConfigurationPlatforms) = preSolution
		Debug|Any CPU = Debug|Any CPU
		Debug|Mixed Platforms = Debug|Mixed Platforms
		Debug|x86 = Debug|x86
		Release|Any CPU = Release|Any CPU
		Release|Mixed Platforms = Release|Mixed Platforms
		Release|x86 = Release|x86
	EndGlobalSection
	GlobalSection(ProjectConfigurationPlatforms) = postSolution
		{F5E220AC-08C5-4DCA-9C3A-8C12B0DEBA01}.Debug|Any CPU.ActiveCfg = Debug|x86
		{F5E220AC-08C5-4DCA-9C3A-8C12B0DEBA01}.Debug|Mixed Platforms.ActiveCfg = Debug|x86
		{F5E220AC-08C5-4DCA-9C3A-8C12B0DEBA01}.Debug|Mixed Platforms.Build.0 = Debug|x86
		{F5E220AC-08C5-4DCA-9C3A-8C12B0DEBA01}.Debug|x86.ActiveCfg = Debug|x86
		{F5E220AC-08C5-4DCA-9C3A-8C12B0DEBA01}.Debug|x86.Build.0 = Debug|x86
		{F5E220AC-08C5-4DCA-9C3A-8C12B0DEBA01}.Release|Any CPU.ActiveCfg = Release|x86
		{F5E220AC-08C5-4DCA-9C3A-8C12B0DEBA01}.Release|Mixed Platforms.ActiveCfg = Release|x86
		{F5E220AC-08C5-4DCA-9C3A-8C12B0DEBA01}.Release|Mixed Platforms.Build.0 = Release|x86
		{F5E220AC-08C5-4DCA-9C3A-8C12B0DEBA01}.Release|x86.ActiveCfg = Release|x86
		{F5E220AC-08C5-4DCA-9C3A-8C12B0DEBA01}.Release|x86.Build.0 = Release|x86
		{06A70147-B850-4FA7-870D-CEFF83D1669A}.Debug|Any CPU.ActiveCfg = Debug|x86
		{06A70147-B850-4FA7-870D-CEFF83D1669A}.Debug|Mixed Platforms.ActiveCfg = Debug|x86
		{06A70147-B850-4FA7-870D-CEFF83D1669A}.Debug|Mixed Platforms.Build.0 = Debug|x86
		{06A70147-B850-4FA7-870D-CEFF83D1669A}.Debug|x86.ActiveCfg = Debug|x86
		{06A70147-B850-4FA7-870D-CEFF83D1669A}.Debug|x86.Build.0 = Debug|x86
		{06A70147-B850-4FA7-870D-CEFF83D1669A}.Release|Any CPU.ActiveCfg = Release|x86
		{06A70147-B850-4FA7-870D-CEFF83D1669A}.Release|Mixed Platforms.ActiveCfg = Release|x86
		{06A70147-B850-4FA7-870D-CEFF83D1669A}.Release|Mixed Platforms.Build.0 = Release|x86
		{06A70147-B850-4FA7-870D-CEFF83D1669A}.Release|x86.ActiveCfg = Release|x86
		{06A70147-B850-4FA7-870D-CEFF83D1669A}.Release|x86.Build.0 = Release|x86
		{F3F9710D-C547-4839-A79D-8F8BDD9DE487}.Debug|Any CPU.ActiveCfg = Debug|x86
		{F3F9710D-C547-4839-A79D-8F8BDD9DE487}.Debug|Mixed Platforms.ActiveCfg = Debug|x86
		{F3F9710D-C547-4839-A79D-8F8BDD9DE487}.Debug|Mixed Platforms.Build.0 = Debug|x86
		{F3F9710D-C547-4839-A79D-8F8BDD9DE487}.Debug|x86.ActiveCfg = Debug|x86
		{F3F9710D-C547-4839-A79D-8F8BDD9DE487}.Debug|x86.Build.0 = Debug|x86
		{F3F9710D-C547-4839-A79D-8F8BDD9DE487}.Release|Any CPU.ActiveCfg = Release|x86
		{F3F9710D-C547-4839-A79D-8F8BDD9DE487}.Release|Mixed Platforms.ActiveCfg = Release|x86
		{F3F9710D-C547-4839-A79D-8F8BDD9DE487}.Release|Mixed Platforms.Build.0 = Release|x86
		{F3F9710D-C547-4839-A79D-8F8BDD9DE487}.Release|x86.ActiveCfg = Release|x86
		{F3F9710D-C547-4839-A79D-8F8BDD9DE487}.Release|x86.Build.0 = Release|x86
		{DF1F8054-2344-4480-A68E-C659E9D70780}.Debug|Any CPU.ActiveCfg = Debug|x86
		{DF1F8054-2344-4480-A68E-C659E9D70780}.Debug|Mixed Platforms.ActiveCfg = Debug|x86
		{DF1F8054-2344-4480-A68E-C659E9D70780}.Debug|Mixed Platforms.Build.0 = Debug|x86
		{DF1F8054-2344-4480-A68E-C659E9D70780}.Debug|x86.ActiveCfg = Debug|x86
		{DF1F8054-2344-4480-A68E-C659E9D70780}.Debug|x86.Build.0 = Debug|x86
		{DF1F8054-2344-4480-A68E-C659E9D70780}.Release|Any CPU.ActiveCfg = Release|x86
		{DF1F8054-2344-4480-A68E-C659E9D70780}.Release|Mixed Platforms.ActiveCfg = Release|x86
		{DF1F8054-2344-4480-A68E-C659E9D70780}.Release|Mixed Platforms.Build.0 = Release|x86
		{DF1F8054-2344-4480-A68E-C659E9D70780}.Release|x86.ActiveCfg = Release|x86
		{DF1F8054-2344-4480-A68E-C659E9D70780}.Release|x86.Build.0 = Release|x86
		{2F8BD0B3-D999-4222-A14F-CD9BC617FC3A}.Debug|Any CPU.ActiveCfg = Debug|x86
		{2F8BD0B3-D999-4222-A14F-CD9BC617FC3A}.Debug|Mixed Platforms.ActiveCfg = Debug|x86
		{2F8BD0B3-D999-4222-A14F-CD9BC617FC3A}.Debug|Mixed Platforms.Build.0 = Debug|x86
		{2F8BD0B3-D999-4222-A14F-CD9BC617FC3A}.Debug|x86.ActiveCfg = Debug|x86
		{2F8BD0B3-D999-4222-A14F-CD9BC617FC3A}.Debug|x86.Build.0 = Debug|x86
		{2F8BD0B3-D999-4222-A14F-CD9BC617FC3A}.Release|Any CPU.ActiveCfg = Release|x86
		{2F8BD0B3-D999-4222-A14F-CD9BC617FC3A}.Release|Mixed Platforms.ActiveCfg = Release|x86
		{2F8BD0B3-D999-4222-A14F-CD9BC617FC3A}.Release|Mixed Platforms.Build.0 = Release|x86
		{2F8BD0B3-D999-4222-A14F-CD9BC617FC3A}.Release|x86.ActiveCfg = Release|x86
		{2F8BD0B3-D999-4222-A14F-CD9BC617FC3A}.Release|x86.Build.0 = Release|x86
		{1EDF9709-317D-4AAE-9A5C-7CEA6ED80BC4}.Debug|Any CPU.ActiveCfg = Debug|Any CPU
		{1EDF9709-317D-4AAE-9A5C-7CEA6ED80BC4}.Debug|Any CPU.Build.0 = Debug|Any CPU
		{1EDF9709-317D-4AAE-9A5C-7CEA6ED80BC4}.Debug|Mixed Platforms.ActiveCfg = Debug|Any CPU
		{1EDF9709-317D-4AAE-9A5C-7CEA6ED80BC4}.Debug|Mixed Platforms.Build.0 = Debug|Any CPU
		{1EDF9709-317D-4AAE-9A5C-7CEA6ED80BC4}.Debug|x86.ActiveCfg = Debug|Any CPU
		{1EDF9709-317D-4AAE-9A5C-7CEA6ED80BC4}.Release|Any CPU.ActiveCfg = Release|Any CPU
		{1EDF9709-317D-4AAE-9A5C-7CEA6ED80BC4}.Release|Any CPU.Build.0 = Release|Any CPU
		{1EDF9709-317D-4AAE-9A5C-7CEA6ED80BC4}.Release|Mixed Platforms.ActiveCfg = Release|Any CPU
		{1EDF9709-317D-4AAE-9A5C-7CEA6ED80BC4}.Release|Mixed Platforms.Build.0 = Release|Any CPU
		{1EDF9709-317D-4AAE-9A5C-7CEA6ED80BC4}.Release|x86.ActiveCfg = Release|Any CPU
		{EC463D19-B34E-45ED-896E-C8E1B7FE15FD}.Debug|Any CPU.ActiveCfg = Debug|Any CPU
		{EC463D19-B34E-45ED-896E-C8E1B7FE15FD}.Debug|Any CPU.Build.0 = Debug|Any CPU
		{EC463D19-B34E-45ED-896E-C8E1B7FE15FD}.Debug|Mixed Platforms.ActiveCfg = Debug|Any CPU
		{EC463D19-B34E-45ED-896E-C8E1B7FE15FD}.Debug|Mixed Platforms.Build.0 = Debug|Any CPU
		{EC463D19-B34E-45ED-896E-C8E1B7FE15FD}.Debug|x86.ActiveCfg = Debug|Any CPU
		{EC463D19-B34E-45ED-896E-C8E1B7FE15FD}.Release|Any CPU.ActiveCfg = Release|Any CPU
		{EC463D19-B34E-45ED-896E-C8E1B7FE15FD}.Release|Any CPU.Build.0 = Release|Any CPU
		{EC463D19-B34E-45ED-896E-C8E1B7FE15FD}.Release|Mixed Platforms.ActiveCfg = Release|Any CPU
		{EC463D19-B34E-45ED-896E-C8E1B7FE15FD}.Release|Mixed Platforms.Build.0 = Release|Any CPU
		{EC463D19-B34E-45ED-896E-C8E1B7FE15FD}.Release|x86.ActiveCfg = Release|Any CPU
	EndGlobalSection
	GlobalSection(SolutionProperties) = preSolution
		HideSolutionNode = FALSE
	EndGlobalSection
EndGlobal
